
Microsoft Visual Studio Solution File, Format Version 12.00
# Visual Studio 14
VisualStudioVersion = 14.0.24720.0
MinimumVisualStudioVersion = 10.0.40219.1
Project("{FAE04EC0-301F-11D3-BF4B-00C04F79EFBC}") = "GetResponse", "GetResponse\GetResponse.csproj", "{EFB55FA5-0512-4EC3-B525-BEF05A8BED3D}"
EndProject
Project("{FAE04EC0-301F-11D3-BF4B-00C04F79EFBC}") = "GetResponseTests", "GetResponseTests\GetResponseTests.csproj", "{1BC492C8-C30F-49B1-AE36-F4B83FE59C79}"
EndProject
Global
	GlobalSection(SolutionConfigurationPlatforms) = preSolution
		Debug|Any CPU = Debug|Any CPU
		Release|Any CPU = Release|Any CPU
	EndGlobalSection
	GlobalSection(ProjectConfigurationPlatforms) = postSolution
		{EFB55FA5-0512-4EC3-B525-BEF05A8BED3D}.Debug|Any CPU.ActiveCfg = Debug|Any CPU
		{EFB55FA5-0512-4EC3-B525-BEF05A8BED3D}.Debug|Any CPU.Build.0 = Debug|Any CPU
		{EFB55FA5-0512-4EC3-B525-BEF05A8BED3D}.Release|Any CPU.ActiveCfg = Release|Any CPU
		{EFB55FA5-0512-4EC3-B525-BEF05A8BED3D}.Release|Any CPU.Build.0 = Release|Any CPU
		{1BC492C8-C30F-49B1-AE36-F4B83FE59C79}.Debug|Any CPU.ActiveCfg = Debug|Any CPU
		{1BC492C8-C30F-49B1-AE36-F4B83FE59C79}.Debug|Any CPU.Build.0 = Debug|Any CPU
		{1BC492C8-C30F-49B1-AE36-F4B83FE59C79}.Release|Any CPU.ActiveCfg = Release|Any CPU
		{1BC492C8-C30F-49B1-AE36-F4B83FE59C79}.Release|Any CPU.Build.0 = Release|Any CPU
	EndGlobalSection
	GlobalSection(SolutionProperties) = preSolution
		HideSolutionNode = FALSE
	EndGlobalSection
EndGlobal
